
Microsoft Visual Studio Solution File, Format Version 12.00
# Visual Studio Version 17
VisualStudioVersion = 17.0.31903.59
MinimumVisualStudioVersion = 10.0.40219.1
Project("{9A19103F-16F7-4668-BE54-9A1E7A4F7556}") = "Dars_1", "Dars_1\Dars_1.csproj", "{5EBD6378-6431-4D94-8B1C-6669D6310210}"
EndProject
Project("{9A19103F-16F7-4668-BE54-9A1E7A4F7556}") = "Dars_2", "Dars_2\Dars_2.csproj", "{195A7DEA-FA4B-4B7C-B948-06D77122F62D}"
EndProject
Project("{9A19103F-16F7-4668-BE54-9A1E7A4F7556}") = "Dars_3", "Dars_3\Dars_3.csproj", "{C1C75F9E-8AA0-4EC6-8333-41E9B9EAD415}"
EndProject
Project("{9A19103F-16F7-4668-BE54-9A1E7A4F7556}") = "Dars_4", "Dars_4\Dars_4.csproj", "{6CBB7232-0174-40A2-ADB4-7B566816841C}"
EndProject
Project("{9A19103F-16F7-4668-BE54-9A1E7A4F7556}") = "Dars_5", "Dars_5\Dars_5.csproj", "{083AFFCD-2B4E-4BE7-98F6-A6F84EE4C9E7}"
EndProject
Project("{2150E333-8FDC-42A3-9474-1A3956D46DE8}") = "Solution Items", "Solution Items", "{371585F0-3462-4286-8400-8CFD1856F0B4}"
	ProjectSection(SolutionItems) = preProject
		.editorconfig = .editorconfig
	EndProjectSection
EndProject
Project("{FAE04EC0-301F-11D3-BF4B-00C04F79EFBC}") = "Dars_6", "Dars_6\Dars_6.csproj", "{30B03536-65EE-4B0A-AAE7-94351F6AA1F4}"
EndProject
Global
	GlobalSection(SolutionConfigurationPlatforms) = preSolution
		Debug|Any CPU = Debug|Any CPU
		Release|Any CPU = Release|Any CPU
	EndGlobalSection
	GlobalSection(ProjectConfigurationPlatforms) = postSolution
		{5EBD6378-6431-4D94-8B1C-6669D6310210}.Debug|Any CPU.ActiveCfg = Debug|Any CPU
		{5EBD6378-6431-4D94-8B1C-6669D6310210}.Debug|Any CPU.Build.0 = Debug|Any CPU
		{5EBD6378-6431-4D94-8B1C-6669D6310210}.Release|Any CPU.ActiveCfg = Release|Any CPU
		{5EBD6378-6431-4D94-8B1C-6669D6310210}.Release|Any CPU.Build.0 = Release|Any CPU
		{195A7DEA-FA4B-4B7C-B948-06D77122F62D}.Debug|Any CPU.ActiveCfg = Debug|Any CPU
		{195A7DEA-FA4B-4B7C-B948-06D77122F62D}.Debug|Any CPU.Build.0 = Debug|Any CPU
		{195A7DEA-FA4B-4B7C-B948-06D77122F62D}.Release|Any CPU.ActiveCfg = Release|Any CPU
		{195A7DEA-FA4B-4B7C-B948-06D77122F62D}.Release|Any CPU.Build.0 = Release|Any CPU
		{C1C75F9E-8AA0-4EC6-8333-41E9B9EAD415}.Debug|Any CPU.ActiveCfg = Debug|Any CPU
		{C1C75F9E-8AA0-4EC6-8333-41E9B9EAD415}.Debug|Any CPU.Build.0 = Debug|Any CPU
		{C1C75F9E-8AA0-4EC6-8333-41E9B9EAD415}.Release|Any CPU.ActiveCfg = Release|Any CPU
		{C1C75F9E-8AA0-4EC6-8333-41E9B9EAD415}.Release|Any CPU.Build.0 = Release|Any CPU
		{6CBB7232-0174-40A2-ADB4-7B566816841C}.Debug|Any CPU.ActiveCfg = Debug|Any CPU
		{6CBB7232-0174-40A2-ADB4-7B566816841C}.Debug|Any CPU.Build.0 = Debug|Any CPU
		{6CBB7232-0174-40A2-ADB4-7B566816841C}.Release|Any CPU.ActiveCfg = Release|Any CPU
		{6CBB7232-0174-40A2-ADB4-7B566816841C}.Release|Any CPU.Build.0 = Release|Any CPU
		{083AFFCD-2B4E-4BE7-98F6-A6F84EE4C9E7}.Debug|Any CPU.ActiveCfg = Debug|Any CPU
		{083AFFCD-2B4E-4BE7-98F6-A6F84EE4C9E7}.Debug|Any CPU.Build.0 = Debug|Any CPU
		{083AFFCD-2B4E-4BE7-98F6-A6F84EE4C9E7}.Release|Any CPU.ActiveCfg = Release|Any CPU
		{083AFFCD-2B4E-4BE7-98F6-A6F84EE4C9E7}.Release|Any CPU.Build.0 = Release|Any CPU
		{30B03536-65EE-4B0A-AAE7-94351F6AA1F4}.Debug|Any CPU.ActiveCfg = Debug|Any CPU
		{30B03536-65EE-4B0A-AAE7-94351F6AA1F4}.Debug|Any CPU.Build.0 = Debug|Any CPU
		{30B03536-65EE-4B0A-AAE7-94351F6AA1F4}.Release|Any CPU.ActiveCfg = Release|Any CPU
		{30B03536-65EE-4B0A-AAE7-94351F6AA1F4}.Release|Any CPU.Build.0 = Release|Any CPU
	EndGlobalSection
	GlobalSection(SolutionProperties) = preSolution
		HideSolutionNode = FALSE
	EndGlobalSection
EndGlobal
